
Microsoft Visual Studio Solution File, Format Version 12.00
# Visual Studio Version 16
VisualStudioVersion = 16.0.31515.178
MinimumVisualStudioVersion = 10.0.40219.1
Project("{FAE04EC0-301F-11D3-BF4B-00C04F79EFBC}") = "ShopBridge", "ShopBridge\ShopBridge.csproj", "{11D09572-868D-4D8C-B916-DDF164C6A152}"
EndProject
Global
	GlobalSection(SolutionConfigurationPlatforms) = preSolution
		Debug|Any CPU = Debug|Any CPU
		Release|Any CPU = Release|Any CPU
	EndGlobalSection
	GlobalSection(ProjectConfigurationPlatforms) = postSolution
		{11D09572-868D-4D8C-B916-DDF164C6A152}.Debug|Any CPU.ActiveCfg = Debug|Any CPU
		{11D09572-868D-4D8C-B916-DDF164C6A152}.Debug|Any CPU.Build.0 = Debug|Any CPU
		{11D09572-868D-4D8C-B916-DDF164C6A152}.Release|Any CPU.ActiveCfg = Release|Any CPU
		{11D09572-868D-4D8C-B916-DDF164C6A152}.Release|Any CPU.Build.0 = Release|Any CPU
	EndGlobalSection
	GlobalSection(SolutionProperties) = preSolution
		HideSolutionNode = FALSE
	EndGlobalSection
	GlobalSection(ExtensibilityGlobals) = postSolution
		SolutionGuid = {92A703DE-2831-4D7E-B87B-7EB50A809B76}
	EndGlobalSection
EndGlobal
